Microsoft Visual Studio Solution File, Format Version 11.00
# Visual Studio 2008

Project("{3B5C04EC-A81B-A57A-6EF5-AC087E7D7D5E}") = "week3Unity3D", "Assembly-CSharp-firstpass-vs.csproj", "{AA79B240-A7B2-07A6-18AA-943E5F761233}"
EndProject
Project("{3B5C04EC-A81B-A57A-6EF5-AC087E7D7D5E}") = "week3Unity3D", "Assembly-CSharp-vs.csproj", "{29C395AC-68F1-94EF-6A64-1D71112A3C15}"
EndProject
Project("{3B5C04EC-A81B-A57A-6EF5-AC087E7D7D5E}") = "week3Unity3D", "Assembly-CSharp-Editor-vs.csproj", "{46CE13F0-E1A5-D814-1F8D-CE76343883A0}"
EndProject
Global
	GlobalSection(SolutionConfigurationPlatforms) = preSolution
		Debug|Any CPU = Debug|Any CPU
		Release|Any CPU = Release|Any CPU
	EndGlobalSection
	GlobalSection(ProjectConfigurationPlatforms) = postSolution
		{AA79B240-A7B2-07A6-18AA-943E5F761233}.Debug|Any CPU.ActiveCfg = Debug|Any CPU
		{AA79B240-A7B2-07A6-18AA-943E5F761233}.Debug|Any CPU.Build.0 = Debug|Any CPU
		{AA79B240-A7B2-07A6-18AA-943E5F761233}.Release|Any CPU.ActiveCfg = Release|Any CPU
		{AA79B240-A7B2-07A6-18AA-943E5F761233}.Release|Any CPU.Build.0 = Release|Any CPU
		{29C395AC-68F1-94EF-6A64-1D71112A3C15}.Debug|Any CPU.ActiveCfg = Debug|Any CPU
		{29C395AC-68F1-94EF-6A64-1D71112A3C15}.Debug|Any CPU.Build.0 = Debug|Any CPU
		{29C395AC-68F1-94EF-6A64-1D71112A3C15}.Release|Any CPU.ActiveCfg = Release|Any CPU
		{29C395AC-68F1-94EF-6A64-1D71112A3C15}.Release|Any CPU.Build.0 = Release|Any CPU
		{46CE13F0-E1A5-D814-1F8D-CE76343883A0}.Debug|Any CPU.ActiveCfg = Debug|Any CPU
		{46CE13F0-E1A5-D814-1F8D-CE76343883A0}.Debug|Any CPU.Build.0 = Debug|Any CPU
		{46CE13F0-E1A5-D814-1F8D-CE76343883A0}.Release|Any CPU.ActiveCfg = Release|Any CPU
		{46CE13F0-E1A5-D814-1F8D-CE76343883A0}.Release|Any CPU.Build.0 = Release|Any CPU
	EndGlobalSection
	GlobalSection(SolutionProperties) = preSolution
		HideSolutionNode = FALSE
	EndGlobalSection
																																																																																		GlobalSection(MonoDevelopProperties) = preSolution
		StartupItem = Assembly-CSharp.csproj
		Policies = $0
		$0.TextStylePolicy = $1
		$1.inheritsSet = null
		$1.scope = text/x-csharp
		$0.CSharpFormattingPolicy = $2
		$2.inheritsSet = Mono
		$2.inheritsScope = text/x-csharp
		$2.scope = text/x-csharp
		$0.TextStylePolicy = $3
		$3.FileWidth = 120
		$3.TabWidth = 4
		$3.IndentWidth = 4
		$3.EolMarker = Unix
		$3.inheritsSet = Mono
		$3.inheritsScope = text/plain
		$3.scope = text/plain
	EndGlobalSection

EndGlobal
